{
  "name": "@cobotar/protocol",
  "version": "1.0.4",
  "lockfileVersion": 3,
  "requires": true,
  "packages": {
    "": {
      "name": "@cobotar/protocol",
      "version": "1.0.4",
      "license": "UNLICENSED",
      "dependencies": {
        "@bufbuild/protobuf": "2.14.1"
      }
    },
    "node_modules/@bufbuild/protobuf": {
      "version": "2.14.1",
      "resolved": "https://registry.npmjs.org/@bufbuild/protobuf/-/protobuf-2.14.1.tgz",
      "integrity": "sha512-agRJn3+EJDUe8AvxTx/LnHA/GErvLE62pSaSk7+MwFOtOv8eWBu/qCq2qoZjBjVZ3C2aiFJCveuSs17KMkYGOw==",
      "license": "(Apache-2.0 AND BSD-3-Clause)"
    }
  }
}
